github.com/Knetic/govaluate v3.0.0+incompatible h1:7o6+MAPhYTCF0+fdvoz1xDedhRb4f6s9Tn1Tt7/WTEg=
github.com/Knetic/govaluate v3.0.0+incompatible/go.mod h1:r7JcOSlj0wfOMncg0iLm8Leh48TZaKVeNIfJntJ2wa0=
github.com/paul-at-nangalan/csv-stuff v0.0.0-20220222181330-2f605806cd9a h1:ba2M7gs+OyHwIm2DgM+mD/bM9o9ZdLIMJ7tiJn3nYng=
github.com/paul-at-nangalan/csv-stuff v0.0.0-20220222181330-2f605806cd9a/go.mod h1:G8Q8laRU4/NJCdrhWaVR2+W3hEb53aA2HZd6OF/AfyY=
github.com/paul-at-nangalan/csv-stuff v0.0.0-20220222182724-6ea784b76a00 h1:ZJSbqcq+kp3QkR7ijxex6uWVqmHE49n+0iN87Ew37Zg=
github.com/paul-at-nangalan/csv-stuff v0.0.0-20220222182724-6ea784b76a00/go.mod h1:G8Q8laRU4/NJCdrhWaVR2+W3hEb53aA2HZd6OF/AfyY=
github.com/paul-at-nangalan/csv-stuff v0.0.0-20220222183852-1efdd36f9c2f h1:TDYUPbqpeM74TU4avTCCKuxoe7iqudCZ3/wT7AdTpeg=
github.com/paul-at-nangalan/csv-stuff v0.0.0-20220222183852-1efdd36f9c2f/go.mod h1:G8Q8laRU4/NJCdrhWaVR2+W3hEb53aA2HZd6OF/AfyY=
github.com/paul-at-nangalan/csv-stuff v0.0.0-20220222201130-643b7e732971 h1:71O7Q9b/kqKjVXXOyi0SdZPGmq6pdjlSk+fxZHWj2Dc=
github.com/paul-at-nangalan/csv-stuff v0.0.0-20220222201130-643b7e732971/go.mod h1:G8Q8laRU4/NJCdrhWaVR2+W3hEb53aA2HZd6OF/AfyY=
github.com/paul-at-nangalan/csv-stuff v0.0.0-20220223151702-34f5f3fda013 h1:Lm/MpdewM723zf4ZNPAaIrfy/jcdp+UWyjgBzHoyyJ8=
github.com/paul-at-nangalan/csv-stuff v0.0.0-20220223151702-34f5f3fda013/go.mod h1:dX+WFuTPmRY4MHC5b3t/lbgnfJufkIGO+CkeWJpMqAw=
github.com/paul-at-nangalan/errorhandler v0.0.0-20210525060727-cba369c8785e h1:7Kbab1yuZKDta7Tu74JDV+4iSttDmDgcieNrdRfdATo=
github.com/paul-at-nangalan/errorhandler v0.0.0-20210525060727-cba369c8785e/go.mod h1:+GfM6Su5CerpcLIHxjym4LzoLFCKSSQtlCnKYVjqqUM=
github.com/paul-at-nangalan/json-config v0.0.0-20210525054146-58797ba49d12 h1:rIVAD4+siRKqmAljVRQhcE/TKVU6pnl4Se4NMW/wW4s=
github.com/paul-at-nangalan/json-config v0.0.0-20210525054146-58797ba49d12/go.mod h1:7nMunP92vBn33Wq5QLSBJmvK85/vkyOszO0xxl6eArE=
