github.com/Knetic/govaluate v3.0.0+incompatible h1:7o6+MAPhYTCF0+fdvoz1xDedhRb4f6s9Tn1Tt7/WTEg=
github.com/Knetic/govaluate v3.0.0+incompatible/go.mod h1:r7JcOSlj0wfOMncg0iLm8Leh48TZaKVeNIfJntJ2wa0=
github.com/paul-at-nangalan/csv-stuff v0.0.0-20220223151702-34f5f3fda013 h1:Lm/MpdewM723zf4ZNPAaIrfy/jcdp+UWyjgBzHoyyJ8=
github.com/paul-at-nangalan/csv-stuff v0.0.0-20220223151702-34f5f3fda013/go.mod h1:dX+WFuTPmRY4MHC5b3t/lbgnfJufkIGO+CkeWJpMqAw=
github.com/paul-at-nangalan/db-util v0.0.0-20211015082647-2da9ffa9ef4e h1:N5R7iIFYrR6eewscDCFXnbiAdbfwnuuzd3qFWt+MOoE=
github.com/paul-at-nangalan/db-util v0.0.0-20220309210524-c4cc8d35616a h1:lSgNUnICraqu37qBlKqlUFm1LAO7xptGfh8Wj/iWKWA=
github.com/paul-at-nangalan/db-util v0.0.0-20220309210524-c4cc8d35616a/go.mod h1:CWtKiOpQNSAhH5Adnp+OLV2u4kHsZjo/4F8w7Ds23s0=
github.com/paul-at-nangalan/db-util v0.0.0-20220310141554-45be392bb441 h1:Y3lej2QQ2T5T/YkdYAuASDARWb7l8ke6PX16V7zYy0k=
github.com/paul-at-nangalan/db-util v0.0.0-20220310141554-45be392bb441/go.mod h1:CWtKiOpQNSAhH5Adnp+OLV2u4kHsZjo/4F8w7Ds23s0=
github.com/paul-at-nangalan/errorhandler v0.0.0-20210525060727-cba369c8785e h1:7Kbab1yuZKDta7Tu74JDV+4iSttDmDgcieNrdRfdATo=
github.com/paul-at-nangalan/errorhandler v0.0.0-20210525060727-cba369c8785e/go.mod h1:+GfM6Su5CerpcLIHxjym4LzoLFCKSSQtlCnKYVjqqUM=
github.com/paul-at-nangalan/json-config v0.0.0-20210525054146-58797ba49d12 h1:rIVAD4+siRKqmAljVRQhcE/TKVU6pnl4Se4NMW/wW4s=
github.com/paul-at-nangalan/json-config v0.0.0-20210525054146-58797ba49d12/go.mod h1:7nMunP92vBn33Wq5QLSBJmvK85/vkyOszO0xxl6eArE=
