github.com/Knetic/govaluate v3.0.0+incompatible h1:7o6+MAPhYTCF0+fdvoz1xDedhRb4f6s9Tn1Tt7/WTEg=
github.com/Knetic/govaluate v3.0.0+incompatible/go.mod h1:r7JcOSlj0wfOMncg0iLm8Leh48TZaKVeNIfJntJ2wa0=
github.com/lib/pq v1.10.4 h1:SO9z7FRPzA03QhHKJrH5BXA6HU1rS4V2nIVrrNC1iYk=
github.com/lib/pq v1.10.4/go.mod h1:AlVN5x4E4T544tWzH6hKfbfQvm3HdbOxrmggDNAPY9o=
github.com/paul-at-nangalan/csv-stuff v0.0.0-20220223151702-34f5f3fda013 h1:Lm/MpdewM723zf4ZNPAaIrfy/jcdp+UWyjgBzHoyyJ8=
github.com/paul-at-nangalan/csv-stuff v0.0.0-20220223151702-34f5f3fda013/go.mod h1:dX+WFuTPmRY4MHC5b3t/lbgnfJufkIGO+CkeWJpMqAw=
github.com/paul-at-nangalan/csv-stuff v0.0.0-20220317190858-03c08507d8f8 h1:c/WdN/tKUOubq8JHCSVmMkjEqMDoDhe7Aamw1Lz7wJo=
github.com/paul-at-nangalan/csv-stuff v0.0.0-20220317190858-03c08507d8f8/go.mod h1:dX+WFuTPmRY4MHC5b3t/lbgnfJufkIGO+CkeWJpMqAw=
github.com/paul-at-nangalan/csv-stuff v0.0.0-20220317191219-7e9d98e6f367 h1:3EDc8RA58zZ7hLKadNIRAnH4VKuA6QMC0Mp99nrbk4U=
github.com/paul-at-nangalan/csv-stuff v0.0.0-20220317191219-7e9d98e6f367/go.mod h1:dX+WFuTPmRY4MHC5b3t/lbgnfJufkIGO+CkeWJpMqAw=
github.com/paul-at-nangalan/csv-stuff v0.0.0-20220317200731-1fc913b276c2 h1:kGpjAinj+oC6pDq9i4Qkn3nfKh/gtWErraTE1w6hqfc=
github.com/paul-at-nangalan/csv-stuff v0.0.0-20220317200731-1fc913b276c2/go.mod h1:dX+WFuTPmRY4MHC5b3t/lbgnfJufkIGO+CkeWJpMqAw=
github.com/paul-at-nangalan/csv-stuff v0.0.0-20220317201111-0d56497dba8d h1:RtXIqumwbZ1ypDOgA1ZbrXSvSFdsLBOvO+zWpcD+OJM=
github.com/paul-at-nangalan/csv-stuff v0.0.0-20220317201111-0d56497dba8d/go.mod h1:dX+WFuTPmRY4MHC5b3t/lbgnfJufkIGO+CkeWJpMqAw=
github.com/paul-at-nangalan/csv-stuff v0.0.0-20220317201316-5cf0c9b5c1c4 h1:S0kiL9nFvTAESkRCzm2FMafbuM2iKfAf2gMt/PJsnUA=
github.com/paul-at-nangalan/csv-stuff v0.0.0-20220317201316-5cf0c9b5c1c4/go.mod h1:dX+WFuTPmRY4MHC5b3t/lbgnfJufkIGO+CkeWJpMqAw=
github.com/paul-at-nangalan/csv-stuff v0.0.0-20220317201621-5f4cc41a637d h1:4CsNx3qV8iWRuHnCsXKRRve0fOw7+Z5we1p83vQYtyk=
github.com/paul-at-nangalan/csv-stuff v0.0.0-20220317201621-5f4cc41a637d/go.mod h1:dX+WFuTPmRY4MHC5b3t/lbgnfJufkIGO+CkeWJpMqAw=
github.com/paul-at-nangalan/csv-stuff v0.0.0-20220317201905-e6ea7b47e497 h1:GTrOPUTTeizRjO9EqM536JJ+YN7n6yl8w7KAivhlEx0=
github.com/paul-at-nangalan/csv-stuff v0.0.0-20220317201905-e6ea7b47e497/go.mod h1:dX+WFuTPmRY4MHC5b3t/lbgnfJufkIGO+CkeWJpMqAw=
github.com/paul-at-nangalan/csv-stuff v0.0.0-20220317202305-7cac9ef393c8 h1:dJHy3ftq7GW5M9cyz/PVmngKZ7zflgPru8fq6hRMmKk=
github.com/paul-at-nangalan/csv-stuff v0.0.0-20220317202305-7cac9ef393c8/go.mod h1:dX+WFuTPmRY4MHC5b3t/lbgnfJufkIGO+CkeWJpMqAw=
github.com/paul-at-nangalan/csv-stuff v0.0.0-20220317202554-bb26d6f7508c h1:76cbn+vMxvR6eezl+ju0GkzHG4oDqNlqsyf260qrZ9g=
github.com/paul-at-nangalan/csv-stuff v0.0.0-20220317202554-bb26d6f7508c/go.mod h1:dX+WFuTPmRY4MHC5b3t/lbgnfJufkIGO+CkeWJpMqAw=
github.com/paul-at-nangalan/csv-stuff v0.0.0-20220317202800-8889772859b5 h1:VN2tllSe6AHNHcceb0ZM2jQ8r0QpdttyiE7xbXsfmgY=
github.com/paul-at-nangalan/csv-stuff v0.0.0-20220317202800-8889772859b5/go.mod h1:dX+WFuTPmRY4MHC5b3t/lbgnfJufkIGO+CkeWJpMqAw=
github.com/paul-at-nangalan/csv-stuff v0.0.0-20220317202949-b77ab037dcab h1:YZ9v7k+QpT6XhhN5xxZP8RBzypwCG3xNrc6Oi6Cgd0k=
github.com/paul-at-nangalan/csv-stuff v0.0.0-20220317202949-b77ab037dcab/go.mod h1:dX+WFuTPmRY4MHC5b3t/lbgnfJufkIGO+CkeWJpMqAw=
github.com/paul-at-nangalan/csv-stuff v0.0.0-20220317204017-043e5b2c1fdd h1:VcO2dhwfeydPbK5DT5ZPsC9EP7LtJ+Oe5dFF8vWCrco=
github.com/paul-at-nangalan/csv-stuff v0.0.0-20220317204017-043e5b2c1fdd/go.mod h1:dX+WFuTPmRY4MHC5b3t/lbgnfJufkIGO+CkeWJpMqAw=
github.com/paul-at-nangalan/csv-stuff v0.0.0-20220321180026-46c3ab073a04 h1:Zg9gT80NjHLnO5cjFdufIRdXnFnJa7Pu0pb2STY4z6A=
github.com/paul-at-nangalan/csv-stuff v0.0.0-20220321180026-46c3ab073a04/go.mod h1:dX+WFuTPmRY4MHC5b3t/lbgnfJufkIGO+CkeWJpMqAw=
github.com/paul-at-nangalan/db-util v0.0.0-20211015082647-2da9ffa9ef4e h1:N5R7iIFYrR6eewscDCFXnbiAdbfwnuuzd3qFWt+MOoE=
github.com/paul-at-nangalan/db-util v0.0.0-20220309210524-c4cc8d35616a h1:lSgNUnICraqu37qBlKqlUFm1LAO7xptGfh8Wj/iWKWA=
github.com/paul-at-nangalan/db-util v0.0.0-20220309210524-c4cc8d35616a/go.mod h1:CWtKiOpQNSAhH5Adnp+OLV2u4kHsZjo/4F8w7Ds23s0=
github.com/paul-at-nangalan/db-util v0.0.0-20220310141554-45be392bb441 h1:Y3lej2QQ2T5T/YkdYAuASDARWb7l8ke6PX16V7zYy0k=
github.com/paul-at-nangalan/db-util v0.0.0-20220310141554-45be392bb441/go.mod h1:CWtKiOpQNSAhH5Adnp+OLV2u4kHsZjo/4F8w7Ds23s0=
github.com/paul-at-nangalan/db-util v0.0.0-20220317182522-d6605450ed87 h1:Ul1MqtmAz5LcU1LPSdxUBy1VrP6v2622ZCY2u7L4SZg=
github.com/paul-at-nangalan/db-util v0.0.0-20220317182522-d6605450ed87/go.mod h1:DGcdB/R5bUK7pNrdaIxlxOpWVQSfVLwO1njZ/tlFGqc=
github.com/paul-at-nangalan/errorhandler v0.0.0-20210525060727-cba369c8785e h1:7Kbab1yuZKDta7Tu74JDV+4iSttDmDgcieNrdRfdATo=
github.com/paul-at-nangalan/errorhandler v0.0.0-20210525060727-cba369c8785e/go.mod h1:+GfM6Su5CerpcLIHxjym4LzoLFCKSSQtlCnKYVjqqUM=
github.com/paul-at-nangalan/json-config v0.0.0-20210525054146-58797ba49d12 h1:rIVAD4+siRKqmAljVRQhcE/TKVU6pnl4Se4NMW/wW4s=
github.com/paul-at-nangalan/json-config v0.0.0-20210525054146-58797ba49d12/go.mod h1:7nMunP92vBn33Wq5QLSBJmvK85/vkyOszO0xxl6eArE=
